# This file is generated by running "yarn install" inside your project.
# Manual changes might be lost - proceed with caution!

__metadata:
  version: 6
  cacheKey: 8

"@buf/googleapis_googleapis.bufbuild_connect-es@npm:0.12.0-20230329151039-5ae7f88519b0.1":
  version: 0.12.0-20230329151039-5ae7f88519b0.1
  resolution: "@buf/googleapis_googleapis.bufbuild_connect-es@npm:0.12.0-20230329151039-5ae7f88519b0.1"
  dependencies:
    "@buf/googleapis_googleapis.bufbuild_es": 1.2.1-20230329151039-5ae7f88519b0.1
  peerDependencies:
    "@bufbuild/connect": ^0.12.0
  checksum: 6b6819d2e94c6071ff82656cc3c88b20b94a14849e47ae4766f83ddcc6419699437e33c5fa3685d2633ba58b780e3c99d45b05dfc0a61cfedd99f7ffad1e78e5
  languageName: node
  linkType: hard

"@buf/googleapis_googleapis.bufbuild_es@npm:1.2.1-20230329151039-5ae7f88519b0.1":
  version: 1.2.1-20230329151039-5ae7f88519b0.1
  resolution: "@buf/googleapis_googleapis.bufbuild_es@npm:1.2.1-20230329151039-5ae7f88519b0.1"
  peerDependencies:
    "@bufbuild/protobuf": ^1.2.1
  checksum: 60af8ddbc0817b51d9d814bc9d017747639a74ba9aa81fc85fd04cdea8a0ee2bf13f0763c5e0cc057e6ca6c07e9cbe3fdb83b7a29284a9bc01310ae14a22041e
  languageName: node
  linkType: hard

"@buf/googleapis_googleapis.bufbuild_es@npm:1.3.0-20230329151039-5ae7f88519b0.1":
  version: 1.3.0-20230329151039-5ae7f88519b0.1
  resolution: "@buf/googleapis_googleapis.bufbuild_es@npm:1.3.0-20230329151039-5ae7f88519b0.1"
  peerDependencies:
    "@bufbuild/protobuf": ^1.3.0
  checksum: 7b9b8f86499123a274be44eff357edff6d41564ecc014cf804c676090691d1ac9b334a0ffd64f0725f6ddba563ff0bddbced208e99e2ccacc6ca2b0a04aa5924
  languageName: node
  linkType: hard

"@buf/lekkodev_cli.bufbuild_connect-es@npm:^0.12.0-20230725173132-dd46c8444719.1":
  version: 0.12.0-20230825231008-aa11b3969136.1
  resolution: "@buf/lekkodev_cli.bufbuild_connect-es@npm:0.12.0-20230825231008-aa11b3969136.1"
  dependencies:
    "@buf/googleapis_googleapis.bufbuild_connect-es": 0.12.0-20230329151039-5ae7f88519b0.1
    "@buf/lekkodev_cli.bufbuild_es": 1.2.1-20230825231008-aa11b3969136.1
    "@buf/lekkodev_sdk.bufbuild_connect-es": 0.12.0-20230419180142-0694c10ef23c.1
  peerDependencies:
    "@bufbuild/connect": ^0.12.0
  checksum: 31a3cfeec95a41b1714c9ffeb8805d2d73f3d4eabba74e691cf79e0760e5626ee0861005161abd2cbc10a0d1e8205ae4ae23e1e2cb114d17b8639cb2aab32972
  languageName: node
  linkType: hard

"@buf/lekkodev_cli.bufbuild_es@npm:1.2.1-20230825231008-aa11b3969136.1":
  version: 1.2.1-20230825231008-aa11b3969136.1
  resolution: "@buf/lekkodev_cli.bufbuild_es@npm:1.2.1-20230825231008-aa11b3969136.1"
  dependencies:
    "@buf/googleapis_googleapis.bufbuild_es": 1.2.1-20230329151039-5ae7f88519b0.1
    "@buf/lekkodev_sdk.bufbuild_es": 1.2.1-20230419180142-0694c10ef23c.1
  peerDependencies:
    "@bufbuild/protobuf": ^1.2.1
  checksum: a34b13588465a04afe114e00333f20b12a1114ebe3f7bef8d2662e50928d260096b511f1be92a894c1cd4a68ffbbbe20c99b15b98380e8861cc9e69e78d730fb
  languageName: node
  linkType: hard

"@buf/lekkodev_cli.bufbuild_es@npm:^1.3.0-20230725173132-dd46c8444719.1":
  version: 1.3.0-20230825231008-aa11b3969136.1
  resolution: "@buf/lekkodev_cli.bufbuild_es@npm:1.3.0-20230825231008-aa11b3969136.1"
  dependencies:
    "@buf/googleapis_googleapis.bufbuild_es": 1.3.0-20230329151039-5ae7f88519b0.1
    "@buf/lekkodev_sdk.bufbuild_es": 1.3.0-20230419180142-0694c10ef23c.1
  peerDependencies:
    "@bufbuild/protobuf": ^1.3.0
  checksum: e4ebbc530d1380f8e635e77d10f46dc1340f784b09ec1367f11a431a59110c58b88b0bc714060a8b9e2897bbbc2802e9c43c7b0439c0eb2827f9f5e99393e089
  languageName: node
  linkType: hard

"@buf/lekkodev_sdk.bufbuild_connect-es@npm:0.12.0-20230419180142-0694c10ef23c.1":
  version: 0.12.0-20230419180142-0694c10ef23c.1
  resolution: "@buf/lekkodev_sdk.bufbuild_connect-es@npm:0.12.0-20230419180142-0694c10ef23c.1"
  dependencies:
    "@buf/lekkodev_sdk.bufbuild_es": 1.2.1-20230419180142-0694c10ef23c.1
  peerDependencies:
    "@bufbuild/connect": ^0.12.0
  checksum: b43b38d5e480a35190454a948ac17de17807d17951a54363f9d8bb40fef2170b95fb60e00255de1d9104a4822eed287520524c44372d07bd1834af866a177894
  languageName: node
  linkType: hard

"@buf/lekkodev_sdk.bufbuild_connect-es@npm:^0.12.0-20230810202034-1c821065b9a0.1":
  version: 0.12.0-20230810202034-1c821065b9a0.1
  resolution: "@buf/lekkodev_sdk.bufbuild_connect-es@npm:0.12.0-20230810202034-1c821065b9a0.1"
  dependencies:
    "@buf/lekkodev_sdk.bufbuild_es": 1.2.1-20230810202034-1c821065b9a0.1
  peerDependencies:
    "@bufbuild/connect": ^0.12.0
  checksum: 2ec6149bea38087ac1081f39ccfabec35a3229a65bb0df02893349606efd01b776eaea3fde0f89f2272f99f8b3bee74281d23797033704f14a41b77aa1a1df1b
  languageName: node
  linkType: hard

"@buf/lekkodev_sdk.bufbuild_es@npm:1.2.1-20230419180142-0694c10ef23c.1":
  version: 1.2.1-20230419180142-0694c10ef23c.1
  resolution: "@buf/lekkodev_sdk.bufbuild_es@npm:1.2.1-20230419180142-0694c10ef23c.1"
  peerDependencies:
    "@bufbuild/protobuf": ^1.2.1
  checksum: 23a560a22650145d9735eba03052ced7c34b23ae0a4c51a9388cff3d4a8eedd7312a505af648958e986840c541460f2457d4079e67e94d50087187853c8003f2
  languageName: node
  linkType: hard

"@buf/lekkodev_sdk.bufbuild_es@npm:1.2.1-20230810202034-1c821065b9a0.1":
  version: 1.2.1-20230810202034-1c821065b9a0.1
  resolution: "@buf/lekkodev_sdk.bufbuild_es@npm:1.2.1-20230810202034-1c821065b9a0.1"
  peerDependencies:
    "@bufbuild/protobuf": ^1.2.1
  checksum: e7c6b662295f24104f8e96113e7018c021fc4e6e1c2c341740e3971ea31f362fceeadca8a87dbc2e94d5c753394a809829a077a20edb05322e7cd6c7eecb4c70
  languageName: node
  linkType: hard

"@buf/lekkodev_sdk.bufbuild_es@npm:1.3.0-20230419180142-0694c10ef23c.1":
  version: 1.3.0-20230419180142-0694c10ef23c.1
  resolution: "@buf/lekkodev_sdk.bufbuild_es@npm:1.3.0-20230419180142-0694c10ef23c.1"
  peerDependencies:
    "@bufbuild/protobuf": ^1.3.0
  checksum: 670c019c4e17951a71cd14ede7f23ebb5452ed4573b4adcd277e7fa442f1fbea9d277fdd3a1e8cfc03694b55ea9c63e0ebf9075a11260689711e544bc61a3064
  languageName: node
  linkType: hard

"@buf/lekkodev_sdk.bufbuild_es@npm:^1.3.0-20230810202034-1c821065b9a0.1":
  version: 1.3.0-20230810202034-1c821065b9a0.1
  resolution: "@buf/lekkodev_sdk.bufbuild_es@npm:1.3.0-20230810202034-1c821065b9a0.1"
  peerDependencies:
    "@bufbuild/protobuf": ^1.3.0
  checksum: 503427c2adcc3051d9f5c3ba05da480fde8213f311f4ad61754d09d53936ac228775c298be18c73210e2a8ee8ce796caf422f52576460baf4543098ec2f79270
  languageName: node
  linkType: hard

"@bufbuild/connect-web@npm:^0.12.0":
  version: 0.12.0
  resolution: "@bufbuild/connect-web@npm:0.12.0"
  dependencies:
    "@bufbuild/connect": 0.12.0
  peerDependencies:
    "@bufbuild/protobuf": ^1.2.1
  checksum: 7e436f227d8170846e2f0ee888fba93b2a2ab10384490920dbd1a9e6a3b7cd0817e0e517af0d5e9129b8b33808bd8625ad302bd53a5edfc9d68b293f75258572
  languageName: node
  linkType: hard

"@bufbuild/connect@npm:0.12.0, @bufbuild/connect@npm:^0.12.0":
  version: 0.12.0
  resolution: "@bufbuild/connect@npm:0.12.0"
  peerDependencies:
    "@bufbuild/protobuf": ^1.2.1
  checksum: 7ddb9972c52113de3775a942d6948a6763ae9631ca09c03cb1b736a59c4bfafefd419597323a3f1f500a5c6cca85a70afbdd1a839649b87a56f49b362aa7497a
  languageName: node
  linkType: hard

"@bufbuild/protobuf@npm:^1.2.0":
  version: 1.3.1
  resolution: "@bufbuild/protobuf@npm:1.3.1"
  checksum: 5ee96282a6259a222ccd0daf56bcab587918253750dda34c1bf2caad0d89bc3796970f7b55b1c7e25bae5d033c8e9dd687638675fe15cac7d9d6558ebfd4dfa8
  languageName: node
  linkType: hard

"@types/node@npm:*":
  version: 20.7.2
  resolution: "@types/node@npm:20.7.2"
  checksum: 5baa09368c8daa50ad1eaa2499b988b2f4c06cacf8b251d1e63f68ad32df97b21d8104f1ac06889481f1d3e84056842732bb848dd1136164d823c1d4a6baf435
  languageName: node
  linkType: hard

"@types/xxhashjs@npm:^0.2.2":
  version: 0.2.2
  resolution: "@types/xxhashjs@npm:0.2.2"
  dependencies:
    "@types/node": "*"
  checksum: 2195cd97c32dfb0ab37fd831368ad106c43c4d2450dda441b493875ad476b00ccee5e3a676971cf8a6f7518c23d527a6791b8b005f7e52c9d3b39bc7286f1615
  languageName: node
  linkType: hard

"crypto-js@npm:^4.1.1":
  version: 4.1.1
  resolution: "crypto-js@npm:4.1.1"
  checksum: b3747c12ee3a7632fab3b3e171ea50f78b182545f0714f6d3e7e2858385f0f4101a15f2517e033802ce9d12ba50a391575ff4638c9de3dd9b2c4bc47768d5425
  languageName: node
  linkType: hard

"cuint@npm:^0.2.2":
  version: 0.2.2
  resolution: "cuint@npm:0.2.2"
  checksum: b8127a93a7f16ce120ffcb22108014327c9808b258ee20e7dbb4c6740d7cb0f0c12d18a054eb716b0f2470090666abaae8a082d3cd5ef0e94fa447dd155842c4
  languageName: node
  linkType: hard

"sdk-ts@workspace:.":
  version: 0.0.0-use.local
  resolution: "sdk-ts@workspace:."
  dependencies:
    "@buf/lekkodev_cli.bufbuild_connect-es": ^0.12.0-20230725173132-dd46c8444719.1
    "@buf/lekkodev_cli.bufbuild_es": ^1.3.0-20230725173132-dd46c8444719.1
    "@buf/lekkodev_sdk.bufbuild_connect-es": ^0.12.0-20230810202034-1c821065b9a0.1
    "@buf/lekkodev_sdk.bufbuild_es": ^1.3.0-20230810202034-1c821065b9a0.1
    "@bufbuild/connect": ^0.12.0
    "@bufbuild/connect-web": ^0.12.0
    "@bufbuild/protobuf": ^1.2.0
    "@types/xxhashjs": ^0.2.2
    crypto-js: ^4.1.1
    typescript: ^5.2.2
    xxhashjs: ^0.2.2
  languageName: unknown
  linkType: soft

"typescript@npm:^5.2.2":
  version: 5.2.2
  resolution: "typescript@npm:5.2.2"
  bin:
    tsc: bin/tsc
    tsserver: bin/tsserver
  checksum: 7912821dac4d962d315c36800fe387cdc0a6298dba7ec171b350b4a6e988b51d7b8f051317786db1094bd7431d526b648aba7da8236607febb26cf5b871d2d3c
  languageName: node
  linkType: hard

"typescript@patch:typescript@^5.2.2#~builtin<compat/typescript>":
  version: 5.2.2
  resolution: "typescript@patch:typescript@npm%3A5.2.2#~builtin<compat/typescript>::version=5.2.2&hash=f3b441"
  bin:
    tsc: bin/tsc
    tsserver: bin/tsserver
  checksum: 0f4da2f15e6f1245e49db15801dbee52f2bbfb267e1c39225afdab5afee1a72839cd86000e65ee9d7e4dfaff12239d28beaf5ee431357fcced15fb08583d72ca
  languageName: node
  linkType: hard

"xxhashjs@npm:^0.2.2":
  version: 0.2.2
  resolution: "xxhashjs@npm:0.2.2"
  dependencies:
    cuint: ^0.2.2
  checksum: cf6baf05bafe5651dbf108008bafdb1ebe972f65228633f00b56c49d7a1e614a821fe3345c4eb27462994c7c954d982eae05871be6a48146f30803dd87f3c3b6
  languageName: node
  linkType: hard
